# This file is autogenerated, do not edit; changes may be undone by the next 'dep ensure'.


[[projects]]
  digest = "1:ebaeb414df9abd72ff910cbd5ea19a4c6c98febbbef756eb07fb6e66b8148ba2"
  name = "github.com/DataDog/datadog-go"
  packages = ["statsd"]
  pruneopts = "UT"
  revision = "8a13fa761f51039f900738876f2837198fba804f"
  version = "2.2.0"

[[projects]]
  digest = "1:fed1f537c2f1269fe475a8556c393fe466641682d73ef8fd0491cd3aa1e47bad"
  name = "github.com/certifi/gocertifi"
  packages = ["."]
  pruneopts = "UT"
  revision = "deb3ae2ef2610fde3330947281941c562861188b"
  version = "2018.01.18"

[[projects]]
  digest = "1:ffe9824d294da03b391f44e1ae8281281b4afc1bdaa9588c9097785e3af10cec"
  name = "github.com/davecgh/go-spew"
  packages = ["spew"]
  pruneopts = "UT"
  revision = "8991bc29aa16c548c550c7ff78260e27b9ab7c73"
  version = "v1.1.1"

[[projects]]
  digest = "1:d18f6f088d7d8365df47f49dfa24b6ff6701a941118ffda30c589d1bd954074b"
  name = "github.com/getsentry/raven-go"
  packages = ["."]
  pruneopts = "UT"
  revision = "f04e7487e9a6b9d9837d52743fb5f40576c56411"
  version = "v0.2.0"

[[projects]]
  branch = "master"
  digest = "1:b7cb6054d3dff43b38ad2e92492f220f57ae6087ee797dca298139776749ace8"
  name = "github.com/golang/groupcache"
  packages = ["lru"]
  pruneopts = "UT"
  revision = "5b532d6fd5efaf7fa130d4e859a2fde0fc3a9e1b"

[[projects]]
  digest = "1:318f1c959a8a740366fce4b1e1eb2fd914036b4af58fbd0a003349b305f118ad"
  name = "github.com/golang/protobuf"
  packages = ["proto"]
  pruneopts = "UT"
  revision = "b5d812f8a3706043e23a9cd5babf2e5423744d30"
  version = "v1.3.1"

[[projects]]
  digest = "1:992e37aa4416135e5026ecdcd452aea36c49f9b94f4197437701d75f717a7183"
  name = "github.com/google/go-github"
  packages = ["github"]
  pruneopts = "UT"
  revision = "3a61e2f841327c87078bbf281a5196c9a8741c22"
  version = "v25.0.1"

[[projects]]
  digest = "1:a63cff6b5d8b95638bfe300385d93b2a6d9d687734b863da8e09dc834510a690"
  name = "github.com/google/go-querystring"
  packages = ["query"]
  pruneopts = "UT"
  revision = "44c6ddd0a2342c386950e880b658017258da92fc"
  version = "v1.0.0"

[[projects]]
  digest = "1:950caca7dfcf796419232ba996c9c3539d09f26af27ba848c4508e604c13efbb"
  name = "github.com/hashicorp/go-version"
  packages = ["."]
  pruneopts = "UT"
  revision = "d40cf49b3a77bba84a7afdbd7f1dc295d114efb1"
  version = "v1.1.0"

[[projects]]
  branch = "master"
  digest = "1:15da59c0e6f4e65430c8ea74ee321d8615277655aaf40bbf8b50ed23299d1136"
  name = "github.com/heroku/x"
  packages = [
    "hmetrics",
    "hmetrics/onload",
  ]
  pruneopts = "UT"
  revision = "85e5aa5e6aa19919252eec6561dcafafba3be425"

[[projects]]
  branch = "master"
  digest = "1:be5b05afb440884234dca35ce2c400e15ed4d77c51d2ccb87cdf9116839c1674"
  name = "github.com/jekyll/dashboard"
  packages = [
    ".",
    "triage",
  ]
  pruneopts = "UT"
  revision = "8869e3ff26bd6481a7c5302eac769fd800162300"

[[projects]]
  branch = "master"
  digest = "1:c8fec8a7b70b7f66fdb92ba2add26661e32e59c0ccab439daa0acf9075875c7c"
  name = "github.com/parkr/auto-reply"
  packages = [
    "affinity",
    "auth",
    "autopull",
    "chlog",
    "common",
    "ctx",
    "dependencies",
    "freeze",
    "hooks",
    "jekyll",
    "jekyll/deprecate",
    "jekyll/issuecomment",
    "labeler",
    "lgtm",
    "releases",
    "search",
    "sentry",
    "stale",
    "travis",
  ]
  pruneopts = "UT"
  revision = "fb4e079a84cd3ef3573862b3b83db69c00fe0a97"

[[projects]]
  branch = "master"
  digest = "1:f9c334d01a6f42ba699d5a07362501bb6e57c49a32738a28a5c86c8e14001ba0"
  name = "github.com/parkr/changelog"
  packages = ["."]
  pruneopts = "UT"
  revision = "cef0141074f9b8cc85a225bb4edca5278114e997"

[[projects]]
  branch = "master"
  digest = "1:0e9177e1f2799e9fafdb8ba0663f36c0c6248b4497d2f30d82c7013e73a269d7"
  name = "github.com/parkr/githubapi"
  packages = ["githubsearch"]
  pruneopts = "UT"
  revision = "a4a24abadc26d281479efda344a2131f350f16f8"

[[projects]]
  digest = "1:cf31692c14422fa27c83a05292eb5cbe0fb2775972e8f1f8446a71549bd8980b"
  name = "github.com/pkg/errors"
  packages = ["."]
  pruneopts = "UT"
  revision = "ba968bfe8b2f7e042a574c888954fccecfa385b4"
  version = "v0.8.1"

[[projects]]
  digest = "1:0028cb19b2e4c3112225cd871870f2d9cf49b9b4276531f03438a88e94be86fe"
  name = "github.com/pmezard/go-difflib"
  packages = ["difflib"]
  pruneopts = "UT"
  revision = "792786c7400a136282c1664665ae0a8db921c6c2"
  version = "v1.0.0"

[[projects]]
  digest = "1:972c2427413d41a1e06ca4897e8528e5a1622894050e2f527b38ddf0f343f759"
  name = "github.com/stretchr/testify"
  packages = ["assert"]
  pruneopts = "UT"
  revision = "ffdc059bfe9ce6a4e144ba849dbedead332c6053"
  version = "v1.3.0"

[[projects]]
  branch = "master"
  digest = "1:f8b491a7c25030a895a0e579742d07136e6958e77ef2d46e769db8eec4e58fcd"
  name = "golang.org/x/net"
  packages = [
    "context",
    "context/ctxhttp",
  ]
  pruneopts = "UT"
  revision = "afa5a82059c6356159f699d81beff22a81842231"

[[projects]]
  branch = "master"
  digest = "1:9927d6aceb89d188e21485f42a7a254e67e6fdcf4260aba375fe18e3c300dfb4"
  name = "golang.org/x/oauth2"
  packages = [
    ".",
    "internal",
  ]
  pruneopts = "UT"
  revision = "9f3314589c9a9136388751d9adae6b0ed400978a"

[[projects]]
  branch = "master"
  digest = "1:b521f10a2d8fa85c04a8ef4e62f2d1e14d303599a55d64dabf9f5a02f84d35eb"
  name = "golang.org/x/sync"
  packages = ["errgroup"]
  pruneopts = "UT"
  revision = "56d357773e8497dfd526f0727e187720d1093757"

[[projects]]
  digest = "1:6eb6e3b6d9fffb62958cf7f7d88dbbe1dd6839436b0802e194c590667a40412a"
  name = "google.golang.org/appengine"
  packages = [
    "internal",
    "internal/base",
    "internal/datastore",
    "internal/log",
    "internal/remote_api",
    "internal/urlfetch",
    "urlfetch",
  ]
  pruneopts = "UT"
  revision = "54a98f90d1c46b7731eb8fb305d2a321c30ef610"
  version = "v1.5.0"

[solve-meta]
  analyzer-name = "dep"
  analyzer-version = 1
  input-imports = [
    "github.com/DataDog/datadog-go/statsd",
    "github.com/getsentry/raven-go",
    "github.com/golang/groupcache/lru",
    "github.com/google/go-github/github",
    "github.com/hashicorp/go-version",
    "github.com/heroku/x/hmetrics/onload",
    "github.com/jekyll/dashboard",
    "github.com/parkr/auto-reply/affinity",
    "github.com/parkr/auto-reply/auth",
    "github.com/parkr/auto-reply/autopull",
    "github.com/parkr/auto-reply/chlog",
    "github.com/parkr/auto-reply/common",
    "github.com/parkr/auto-reply/ctx",
    "github.com/parkr/auto-reply/dependencies",
    "github.com/parkr/auto-reply/freeze",
    "github.com/parkr/auto-reply/hooks",
    "github.com/parkr/auto-reply/jekyll",
    "github.com/parkr/auto-reply/jekyll/deprecate",
    "github.com/parkr/auto-reply/jekyll/issuecomment",
    "github.com/parkr/auto-reply/labeler",
    "github.com/parkr/auto-reply/lgtm",
    "github.com/parkr/auto-reply/releases",
    "github.com/parkr/auto-reply/search",
    "github.com/parkr/auto-reply/sentry",
    "github.com/parkr/auto-reply/stale",
    "github.com/parkr/auto-reply/travis",
    "github.com/parkr/changelog",
    "github.com/parkr/githubapi/githubsearch",
    "github.com/stretchr/testify/assert",
    "golang.org/x/oauth2",
    "golang.org/x/sync/errgroup",
  ]
  solver-name = "gps-cdcl"
  solver-version = 1
